
Microsoft Visual Studio Solution File, Format Version 12.00
# Visual Studio Version 17
VisualStudioVersion = 17.3.32901.215
MinimumVisualStudioVersion = 10.0.40219.1
Project("{9A19103F-16F7-4668-BE54-9A1E7A4F7556}") = "02_base_statements", "02_base_statements\02_base_statements.csproj", "{FBE9C3A6-6B69-4090-87F0-426154074CEA}"
EndProject
Project("{9A19103F-16F7-4668-BE54-9A1E7A4F7556}") = "04_arrays", "04_arrays\04_arrays.csproj", "{86181A9E-2B4C-44AD-AFCA-21E108D5901E}"
EndProject
Project("{9A19103F-16F7-4668-BE54-9A1E7A4F7556}") = "01_console", "01_console\01_console.csproj", "{F35AA87C-5832-4503-809C-F3DA9251D44B}"
EndProject
Project("{9A19103F-16F7-4668-BE54-9A1E7A4F7556}") = "03_data_types", "03_data_types\03_data_types.csproj", "{D7356AC3-B82D-4DF6-9064-042316C6498B}"
EndProject
Project("{9A19103F-16F7-4668-BE54-9A1E7A4F7556}") = "05_strings", "05_strings\05_strings.csproj", "{33AD42B7-44EB-4257-B0F4-BF1BDA52582F}"
EndProject
Project("{9A19103F-16F7-4668-BE54-9A1E7A4F7556}") = "06_classes", "06_classes\06_classes.csproj", "{7047A063-2013-400F-A472-66CFB33A33E0}"
EndProject
Project("{9A19103F-16F7-4668-BE54-9A1E7A4F7556}") = "07_structures", "07_structures\07_structures.csproj", "{08E7630B-456E-4A31-9639-C971DA206EEC}"
EndProject
Project("{9A19103F-16F7-4668-BE54-9A1E7A4F7556}") = "08_operator_overloading", "08_operator_overloading\08_operator_overloading.csproj", "{9EE31FC1-0362-4F9B-B716-D39085ACCF6C}"
EndProject
Project("{9A19103F-16F7-4668-BE54-9A1E7A4F7556}") = "09_inheritance", "09_inheritance\09_inheritance.csproj", "{A64D61AB-853B-4191-BDD9-7F7CC8FC4C15}"
EndProject
Project("{9A19103F-16F7-4668-BE54-9A1E7A4F7556}") = "10_abstract", "10_abstract\10_abstract.csproj", "{99161093-6F59-48DD-AD43-2BBEA1590F9C}"
EndProject
Project("{9A19103F-16F7-4668-BE54-9A1E7A4F7556}") = "11_interfaces", "11_interfaces\11_interfaces.csproj", "{2240E998-C2E2-46C5-9B3D-583DBB78BED7}"
EndProject
Project("{FAE04EC0-301F-11D3-BF4B-00C04F79EFBC}") = "12_system_interfaces", "12_system_interfaces\12_system_interfaces.csproj", "{8CF97984-16C9-423C-9ED8-6C1F5B255AE0}"
EndProject
Project("{FAE04EC0-301F-11D3-BF4B-00C04F79EFBC}") = "13_collections", "13_collections\13_collections.csproj", "{152DCF7E-42E0-4A5B-8E95-BA3C9FFB2DB0}"
EndProject
Project("{FAE04EC0-301F-11D3-BF4B-00C04F79EFBC}") = "14_delegates", "14_delegates\14_delegates.csproj", "{6AFB57FE-E00C-4E47-9742-F423B0333109}"
EndProject
Global
	GlobalSection(SolutionConfigurationPlatforms) = preSolution
		Debug|Any CPU = Debug|Any CPU
		Release|Any CPU = Release|Any CPU
	EndGlobalSection
	GlobalSection(ProjectConfigurationPlatforms) = postSolution
		{FBE9C3A6-6B69-4090-87F0-426154074CEA}.Debug|Any CPU.ActiveCfg = Debug|Any CPU
		{FBE9C3A6-6B69-4090-87F0-426154074CEA}.Debug|Any CPU.Build.0 = Debug|Any CPU
		{FBE9C3A6-6B69-4090-87F0-426154074CEA}.Release|Any CPU.ActiveCfg = Release|Any CPU
		{FBE9C3A6-6B69-4090-87F0-426154074CEA}.Release|Any CPU.Build.0 = Release|Any CPU
		{86181A9E-2B4C-44AD-AFCA-21E108D5901E}.Debug|Any CPU.ActiveCfg = Debug|Any CPU
		{86181A9E-2B4C-44AD-AFCA-21E108D5901E}.Debug|Any CPU.Build.0 = Debug|Any CPU
		{86181A9E-2B4C-44AD-AFCA-21E108D5901E}.Release|Any CPU.ActiveCfg = Release|Any CPU
		{86181A9E-2B4C-44AD-AFCA-21E108D5901E}.Release|Any CPU.Build.0 = Release|Any CPU
		{F35AA87C-5832-4503-809C-F3DA9251D44B}.Debug|Any CPU.ActiveCfg = Debug|Any CPU
		{F35AA87C-5832-4503-809C-F3DA9251D44B}.Debug|Any CPU.Build.0 = Debug|Any CPU
		{F35AA87C-5832-4503-809C-F3DA9251D44B}.Release|Any CPU.ActiveCfg = Release|Any CPU
		{F35AA87C-5832-4503-809C-F3DA9251D44B}.Release|Any CPU.Build.0 = Release|Any CPU
		{D7356AC3-B82D-4DF6-9064-042316C6498B}.Debug|Any CPU.ActiveCfg = Debug|Any CPU
		{D7356AC3-B82D-4DF6-9064-042316C6498B}.Debug|Any CPU.Build.0 = Debug|Any CPU
		{D7356AC3-B82D-4DF6-9064-042316C6498B}.Release|Any CPU.ActiveCfg = Release|Any CPU
		{D7356AC3-B82D-4DF6-9064-042316C6498B}.Release|Any CPU.Build.0 = Release|Any CPU
		{33AD42B7-44EB-4257-B0F4-BF1BDA52582F}.Debug|Any CPU.ActiveCfg = Debug|Any CPU
		{33AD42B7-44EB-4257-B0F4-BF1BDA52582F}.Debug|Any CPU.Build.0 = Debug|Any CPU
		{33AD42B7-44EB-4257-B0F4-BF1BDA52582F}.Release|Any CPU.ActiveCfg = Release|Any CPU
		{33AD42B7-44EB-4257-B0F4-BF1BDA52582F}.Release|Any CPU.Build.0 = Release|Any CPU
		{7047A063-2013-400F-A472-66CFB33A33E0}.Debug|Any CPU.ActiveCfg = Debug|Any CPU
		{7047A063-2013-400F-A472-66CFB33A33E0}.Debug|Any CPU.Build.0 = Debug|Any CPU
		{7047A063-2013-400F-A472-66CFB33A33E0}.Release|Any CPU.ActiveCfg = Release|Any CPU
		{7047A063-2013-400F-A472-66CFB33A33E0}.Release|Any CPU.Build.0 = Release|Any CPU
		{08E7630B-456E-4A31-9639-C971DA206EEC}.Debug|Any CPU.ActiveCfg = Debug|Any CPU
		{08E7630B-456E-4A31-9639-C971DA206EEC}.Debug|Any CPU.Build.0 = Debug|Any CPU
		{08E7630B-456E-4A31-9639-C971DA206EEC}.Release|Any CPU.ActiveCfg = Release|Any CPU
		{08E7630B-456E-4A31-9639-C971DA206EEC}.Release|Any CPU.Build.0 = Release|Any CPU
		{9EE31FC1-0362-4F9B-B716-D39085ACCF6C}.Debug|Any CPU.ActiveCfg = Debug|Any CPU
		{9EE31FC1-0362-4F9B-B716-D39085ACCF6C}.Debug|Any CPU.Build.0 = Debug|Any CPU
		{9EE31FC1-0362-4F9B-B716-D39085ACCF6C}.Release|Any CPU.ActiveCfg = Release|Any CPU
		{9EE31FC1-0362-4F9B-B716-D39085ACCF6C}.Release|Any CPU.Build.0 = Release|Any CPU
		{A64D61AB-853B-4191-BDD9-7F7CC8FC4C15}.Debug|Any CPU.ActiveCfg = Debug|Any CPU
		{A64D61AB-853B-4191-BDD9-7F7CC8FC4C15}.Debug|Any CPU.Build.0 = Debug|Any CPU
		{A64D61AB-853B-4191-BDD9-7F7CC8FC4C15}.Release|Any CPU.ActiveCfg = Release|Any CPU
		{A64D61AB-853B-4191-BDD9-7F7CC8FC4C15}.Release|Any CPU.Build.0 = Release|Any CPU
		{99161093-6F59-48DD-AD43-2BBEA1590F9C}.Debug|Any CPU.ActiveCfg = Debug|Any CPU
		{99161093-6F59-48DD-AD43-2BBEA1590F9C}.Debug|Any CPU.Build.0 = Debug|Any CPU
		{99161093-6F59-48DD-AD43-2BBEA1590F9C}.Release|Any CPU.ActiveCfg = Release|Any CPU
		{99161093-6F59-48DD-AD43-2BBEA1590F9C}.Release|Any CPU.Build.0 = Release|Any CPU
		{2240E998-C2E2-46C5-9B3D-583DBB78BED7}.Debug|Any CPU.ActiveCfg = Debug|Any CPU
		{2240E998-C2E2-46C5-9B3D-583DBB78BED7}.Debug|Any CPU.Build.0 = Debug|Any CPU
		{2240E998-C2E2-46C5-9B3D-583DBB78BED7}.Release|Any CPU.ActiveCfg = Release|Any CPU
		{2240E998-C2E2-46C5-9B3D-583DBB78BED7}.Release|Any CPU.Build.0 = Release|Any CPU
		{8CF97984-16C9-423C-9ED8-6C1F5B255AE0}.Debug|Any CPU.ActiveCfg = Debug|Any CPU
		{8CF97984-16C9-423C-9ED8-6C1F5B255AE0}.Debug|Any CPU.Build.0 = Debug|Any CPU
		{8CF97984-16C9-423C-9ED8-6C1F5B255AE0}.Release|Any CPU.ActiveCfg = Release|Any CPU
		{8CF97984-16C9-423C-9ED8-6C1F5B255AE0}.Release|Any CPU.Build.0 = Release|Any CPU
		{152DCF7E-42E0-4A5B-8E95-BA3C9FFB2DB0}.Debug|Any CPU.ActiveCfg = Debug|Any CPU
		{152DCF7E-42E0-4A5B-8E95-BA3C9FFB2DB0}.Debug|Any CPU.Build.0 = Debug|Any CPU
		{152DCF7E-42E0-4A5B-8E95-BA3C9FFB2DB0}.Release|Any CPU.ActiveCfg = Release|Any CPU
		{152DCF7E-42E0-4A5B-8E95-BA3C9FFB2DB0}.Release|Any CPU.Build.0 = Release|Any CPU
		{6AFB57FE-E00C-4E47-9742-F423B0333109}.Debug|Any CPU.ActiveCfg = Debug|Any CPU
		{6AFB57FE-E00C-4E47-9742-F423B0333109}.Debug|Any CPU.Build.0 = Debug|Any CPU
		{6AFB57FE-E00C-4E47-9742-F423B0333109}.Release|Any CPU.ActiveCfg = Release|Any CPU
		{6AFB57FE-E00C-4E47-9742-F423B0333109}.Release|Any CPU.Build.0 = Release|Any CPU
	EndGlobalSection
	GlobalSection(SolutionProperties) = preSolution
		HideSolutionNode = FALSE
	EndGlobalSection
	GlobalSection(ExtensibilityGlobals) = postSolution
		SolutionGuid = {BF3C9C22-A98F-4E56-B964-0C841B38209D}
	EndGlobalSection
EndGlobal
